// !$*UTF8*$!
{
	archiveVersion = 1;
	classes = {
	};
	objectVersion = 77;
	objects = {

/* Begin PBXContainerItemProxy section */
		92CD30D62F35E21D00EF64A6 /* PBXContainerItemProxy */ = {
			isa = PBXContainerItemProxy;
			containerPortal = 92CD30BB2F35E21B00EF64A6 /* Project object */;
			proxyType = 1;
			remoteGlobalIDString = 92CD30C22F35E21B00EF64A6;
			remoteInfo = DocScan;
		};
		92CD30E02F35E21D00EF64A6 /* PBXContainerItemProxy */ = {
			isa = PBXContainerItemProxy;
			containerPortal = 92CD30BB2F35E21B00EF64A6 /* Project object */;
			proxyType = 1;
			remoteGlobalIDString = 92CD30C22F35E21B00EF64A6;
			remoteInfo = DocScan;
		};
/* End PBXContainerItemProxy section */

/* Begin PBXFileReference section */
		92CD30C32F35E21B00EF64A6 /* DocScan.app */ = {isa = PBXFileReference; explicitFileType = wrapper.application; includeInIndex = 0; path = DocScan.app; sourceTree = BUILT_PRODUCTS_DIR; };
		92CD30D52F35E21D00EF64A6 /* DocScanTests.xctest */ = {isa = PBXFileReference; explicitFileType = wrapper.cfbundle; includeInIndex = 0; path = DocScanTests.xctest; sourceTree = BUILT_PRODUCTS_DIR; };
		92CD30DF2F35E21D00EF64A6 /* DocScanUITests.xctest */ = {isa = PBXFileReference; explicitFileType = wrapper.cfbundle; includeInIndex = 0; path = DocScanUITests.xctest; sourceTree = BUILT_PRODUCTS_DIR; };
/* End PBXFileReference section */

/* Begin PBXFileSystemSynchronizedRootGroup section */
		92CD30C52F35E21B00EF64A6 /* DocScan */ = {
			isa = PBXFileSystemSynchronizedRootGroup;
			path = DocScan;
			sourceTree = "<group>";
		};
		92CD30D82F35E21D00EF64A6 /* DocScanTests */ = {
			isa = PBXFileSystemSynchronizedRootGroup;
			path = DocScanTests;
			sourceTree = "<group>";
		};
		92CD30E22F35E21D00EF64A6 /* DocScanUITests */ = {
			isa = PBXFileSystemSynchronizedRootGroup;
			path = DocScanUITests;
			sourceTree = "<group>";
		};
/* End PBXFileSystemSynchronizedRootGroup section */

/* Begin PBXFrameworksBuildPhase section */
		92CD30C02F35E21B00EF64A6 /* Frameworks */ = {
			isa = PBXFrameworksBuildPhase;
			buildActionMask = 2147483647;
			files = (
			);
			runOnlyForDeploymentPostprocessing = 0;
		};
		92CD30D22F35E21D00EF64A6 /* Frameworks */ = {
			isa = PBXFrameworksBuildPhase;
			buildActionMask = 2147483647;
			files = (
			);
			runOnlyForDeploymentPostprocessing = 0;
		};
		92CD30DC2F35E21D00EF64A6 /* Frameworks */ = {
			isa = PBXFrameworksBuildPhase;
			buildActionMask = 2147483647;
			files = (
			);
			runOnlyForDeploymentPostprocessing = 0;
		};
/* End PBXFrameworksBuildPhase section */

/* Begin PBXGroup section */
		92CD30BA2F35E21B00EF64A6 = {
			isa = PBXGroup;
			children = (
				92CD30C52F35E21B00EF64A6 /* DocScan */,
				92CD30D82F35E21D00EF64A6 /* DocScanTests */,
				92CD30E22F35E21D00EF64A6 /* DocScanUITests */,
				92CD30C42F35E21B00EF64A6 /* Products */,
			);
			sourceTree = "<group>";
		};
		92CD30C42F35E21B00EF64A6 /* Products */ = {
			isa = PBXGroup;
			children = (
				92CD30C32F35E21B00EF64A6 /* DocScan.app */,
				92CD30D52F35E21D00EF64A6 /* DocScanTests.xctest */,
				92CD30DF2F35E21D00EF64A6 /* DocScanUITests.xctest */,
			);
			name = Products;
			sourceTree = "<group>";
		};
/* End PBXGroup section */

/* Begin PBXNativeTarget section */
		92CD30C22F35E21B00EF64A6 /* DocScan */ = {
			isa = PBXNativeTarget;
			buildConfigurationList = 92CD30E92F35E21D00EF64A6 /* Build configuration list for PBXNativeTarget "DocScan" */;
			buildPhases = (
				92CD30BF2F35E21B00EF64A6 /* Sources */,
				92CD30C02F35E21B00EF64A6 /* Frameworks */,
				92CD30C12F35E21B00EF64A6 /* Resources */,
			);
			buildRules = (
			);
			dependencies = (
			);
			fileSystemSynchronizedGroups = (
				92CD30C52F35E21B00EF64A6 /* DocScan */,
			);
			name = DocScan;
			packageProductDependencies = (
			);
			productName = DocScan;
			productReference = 92CD30C32F35E21B00EF64A6 /* DocScan.app */;
			productType = "com.apple.product-type.application";
		};
		92CD30D42F35E21D00EF64A6 /* DocScanTests */ = {
			isa = PBXNativeTarget;
			buildConfigurationList = 92CD30EC2F35E21D00EF64A6 /* Build configuration list for PBXNativeTarget "DocScanTests" */;
			buildPhases = (
				92CD30D12F35E21D00EF64A6 /* Sources */,
				92CD30D22F35E21D00EF64A6 /* Frameworks */,
				92CD30D32F35E21D00EF64A6 /* Resources */,
			);
			buildRules = (
			);
			dependencies = (
				92CD30D72F35E21D00EF64A6 /* PBXTargetDependency */,
			);
			fileSystemSynchronizedGroups = (
				92CD30D82F35E21D00EF64A6 /* DocScanTests */,
			);
			name = DocScanTests;
			packageProductDependencies = (
			);
			productName = DocScanTests;
			productReference = 92CD30D52F35E21D00EF64A6 /* DocScanTests.xctest */;
			productType = "com.apple.product-type.bundle.unit-test";
		};
		92CD30DE2F35E21D00EF64A6 /* DocScanUITests */ = {
			isa = PBXNativeTarget;
			buildConfigurationList = 92CD30EF2F35E21D00EF64A6 /* Build configuration list for PBXNativeTarget "DocScanUITests" */;
			buildPhases = (
				92CD30DB2F35E21D00EF64A6 /* Sources */,
				92CD30DC2F35E21D00EF64A6 /* Frameworks */,
				92CD30DD2F35E21D00EF64A6 /* Resources */,
			);
			buildRules = (
			);
			dependencies = (
				92CD30E12F35E21D00EF64A6 /* PBXTargetDependency */,
			);
			fileSystemSynchronizedGroups = (
				92CD30E22F35E21D00EF64A6 /* DocScanUITests */,
			);
			name = DocScanUITests;
			packageProductDependencies = (
			);
			productName = DocScanUITests;
			productReference = 92CD30DF2F35E21D00EF64A6 /* DocScanUITests.xctest */;
			productType = "com.apple.product-type.bundle.ui-testing";
		};
/* End PBXNativeTarget section */

/* Begin PBXProject section */
		92CD30BB2F35E21B00EF64A6 /* Project object */ = {
			isa = PBXProject;
			attributes = {
				BuildIndependentTargetsInParallel = 1;
				LastSwiftUpdateCheck = 1630;
				LastUpgradeCheck = 1630;
				TargetAttributes = {
					92CD30C22F35E21B00EF64A6 = {
						CreatedOnToolsVersion = 16.3;
					};
					92CD30D42F35E21D00EF64A6 = {
						CreatedOnToolsVersion = 16.3;
						TestTargetID = 92CD30C22F35E21B00EF64A6;
					};
					92CD30DE2F35E21D00EF64A6 = {
						CreatedOnToolsVersion = 16.3;
						TestTargetID = 92CD30C22F35E21B00EF64A6;
					};
				};
			};
			buildConfigurationList = 92CD30BE2F35E21B00EF64A6 /* Build configuration list for PBXProject "DocScan" */;
			developmentRegion = en;
			hasScannedForEncodings = 0;
			knownRegions = (
				en,
				Base,
			);
			mainGroup = 92CD30BA2F35E21B00EF64A6;
			minimizedProjectReferenceProxies = 1;
			preferredProjectObjectVersion = 77;
			productRefGroup = 92CD30C42F35E21B00EF64A6 /* Products */;
			projectDirPath = "";
			projectRoot = "";
			targets = (
				92CD30C22F35E21B00EF64A6 /* DocScan */,
				92CD30D42F35E21D00EF64A6 /* DocScanTests */,
				92CD30DE2F35E21D00EF64A6 /* DocScanUITests */,
			);
		};
/* End PBXProject section */

/* Begin PBXResourcesBuildPhase section */
		92CD30C12F35E21B00EF64A6 /* Resources */ = {
			isa = PBXResourcesBuildPhase;
			buildActionMask = 2147483647;
			files = (
			);
			runOnlyForDeploymentPostprocessing = 0;
		};
		92CD30D32F35E21D00EF64A6 /* Resources */ = {
			isa = PBXResourcesBuildPhase;
			buildActionMask = 2147483647;
			files = (
			);
			runOnlyForDeploymentPostprocessing = 0;
		};
		92CD30DD2F35E21D00EF64A6 /* Resources */ = {
			isa = PBXResourcesBuildPhase;
			buildActionMask = 2147483647;
			files = (
			);
			runOnlyForDeploymentPostprocessing = 0;
		};
/* End PBXResourcesBuildPhase section */

/* Begin PBXSourcesBuildPhase section */
		92CD30BF2F35E21B00EF64A6 /* Sources */ = {
			isa = PBXSourcesBuildPhase;
			buildActionMask = 2147483647;
			files = (
			);
			runOnlyForDeploymentPostprocessing = 0;
		};
		92CD30D12F35E21D00EF64A6 /* Sources */ = {
			isa = PBXSourcesBuildPhase;
			buildActionMask = 2147483647;
			files = (
			);
			runOnlyForDeploymentPostprocessing = 0;
		};
		92CD30DB2F35E21D00EF64A6 /* Sources */ = {
			isa = PBXSourcesBuildPhase;
			buildActionMask = 2147483647;
			files = (
			);
			runOnlyForDeploymentPostprocessing = 0;
		};
/* End PBXSourcesBuildPhase section */

/* Begin PBXTargetDependency section */
		92CD30D72F35E21D00EF64A6 /* PBXTargetDependency */ = {
			isa = PBXTargetDependency;
			target = 92CD30C22F35E21B00EF64A6 /* DocScan */;
			targetProxy = 92CD30D62F35E21D00EF64A6 /* PBXContainerItemProxy */;
		};
		92CD30E12F35E21D00EF64A6 /* PBXTargetDependency */ = {
			isa = PBXTargetDependency;
			target = 92CD30C22F35E21B00EF64A6 /* DocScan */;
			targetProxy = 92CD30E02F35E21D00EF64A6 /* PBXContainerItemProxy */;
		};
/* End PBXTargetDependency section */

/* Begin XCBuildConfiguration section */
		92CD30E72F35E21D00EF64A6 /* Debug */ = {
			isa = XCBuildConfiguration;
			buildSettings = {
				ALWAYS_SEARCH_USER_PATHS = NO;
				ASSETCATALOG_COMPILER_GENERATE_SWIFT_ASSET_SYMBOL_EXTENSIONS = YES;
				CLANG_ANALYZER_NONNULL = YES;
				CLANG_ANALYZER_NUMBER_OBJECT_CONVERSION = YES_AGGRESSIVE;
				CLANG_CXX_LANGUAGE_STANDARD = "gnu++20";
				CLANG_ENABLE_MODULES = YES;
				CLANG_ENABLE_OBJC_ARC = YES;
				CLANG_ENABLE_OBJC_WEAK = YES;
				CLANG_WARN_BLOCK_CAPTURE_AUTORELEASING = YES;
				CLANG_WARN_BOOL_CONVERSION = YES;
				CLANG_WARN_COMMA = YES;
				CLANG_WARN_CONSTANT_CONVERSION = YES;
				CLANG_WARN_DEPRECATED_OBJC_IMPLEMENTATIONS = YES;
				CLANG_WARN_DIRECT_OBJC_ISA_USAGE = YES_ERROR;
				CLANG_WARN_DOCUMENTATION_COMMENTS = YES;
				CLANG_WARN_EMPTY_BODY = YES;
				CLANG_WARN_ENUM_CONVERSION = YES;
				CLANG_WARN_INFINITE_RECURSION = YES;
				CLANG_WARN_INT_CONVERSION = YES;
				CLANG_WARN_NON_LITERAL_NULL_CONVERSION = YES;
				CLANG_WARN_OBJC_IMPLICIT_RETAIN_SELF = YES;
				CLANG_WARN_OBJC_LITERAL_CONVERSION = YES;
				CLANG_WARN_OBJC_ROOT_CLASS = YES_ERROR;
				CLANG_WARN_QUOTED_INCLUDE_IN_FRAMEWORK_HEADER = YES;
				CLANG_WARN_RANGE_LOOP_ANALYSIS = YES;
				CLANG_WARN_STRICT_PROTOTYPES = YES;
				CLANG_WARN_SUSPICIOUS_MOVE = YES;
				CLANG_WARN_UNGUARDED_AVAILABILITY = YES_AGGRESSIVE;
				CLANG_WARN_UNREACHABLE_CODE = YES;
				CLANG_WARN__DUPLICATE_METHOD_MATCH = YES;
				COPY_PHASE_STRIP = NO;
				DEBUG_INFORMATION_FORMAT = dwarf;
				DEVELOPMENT_TEAM = 9B8XD4TU34;
				ENABLE_STRICT_OBJC_MSGSEND = YES;
				ENABLE_TESTABILITY = YES;
				ENABLE_USER_SCRIPT_SANDBOXING = YES;
				GCC_C_LANGUAGE_STANDARD = gnu17;
				GCC_DYNAMIC_NO_PIC = NO;
				GCC_NO_COMMON_BLOCKS = YES;
				GCC_OPTIMIZATION_LEVEL = 0;
				GCC_PREPROCESSOR_DEFINITIONS = (
					"DEBUG=1",
					"$(inherited)",
				);
				GCC_WARN_64_TO_32_BIT_CONVERSION = YES;
				GCC_WARN_ABOUT_RETURN_TYPE = YES_ERROR;
				GCC_WARN_UNDECLARED_SELECTOR = YES;
				GCC_WARN_UNINITIALIZED_AUTOS = YES_AGGRESSIVE;
				GCC_WARN_UNUSED_FUNCTION = YES;
				GCC_WARN_UNUSED_VARIABLE = YES;
				IPHONEOS_DEPLOYMENT_TARGET = 18.4;
				LOCALIZATION_PREFERS_STRING_CATALOGS = YES;
				MTL_ENABLE_DEBUG_INFO = INCLUDE_SOURCE;
				MTL_FAST_MATH = YES;
				ONLY_ACTIVE_ARCH = YES;
				SDKROOT = iphoneos;
				SWIFT_ACTIVE_COMPILATION_CONDITIONS = "DEBUG $(inherited)";
				SWIFT_OPTIMIZATION_LEVEL = "-Onone";
			};
			name = Debug;
		};
		92CD30E82F35E21D00EF64A6 /* Release */ = {
			isa = XCBuildConfiguration;
			buildSettings = {
				ALWAYS_SEARCH_USER_PATHS = NO;
				ASSETCATALOG_COMPILER_GENERATE_SWIFT_ASSET_SYMBOL_EXTENSIONS = YES;
				CLANG_ANALYZER_NONNULL = YES;
				CLANG_ANALYZER_NUMBER_OBJECT_CONVERSION = YES_AGGRESSIVE;
				CLANG_CXX_LANGUAGE_STANDARD = "gnu++20";
				CLANG_ENABLE_MODULES = YES;
				CLANG_ENABLE_OBJC_ARC = YES;
				CLANG_ENABLE_OBJC_WEAK = YES;
				CLANG_WARN_BLOCK_CAPTURE_AUTORELEASING = YES;
				CLANG_WARN_BOOL_CONVERSION = YES;
				CLANG_WARN_COMMA = YES;
				CLANG_WARN_CONSTANT_CONVERSION = YES;
				CLANG_WARN_DEPRECATED_OBJC_IMPLEMENTATIONS = YES;
				CLANG_WARN_DIRECT_OBJC_ISA_USAGE = YES_ERROR;
				CLANG_WARN_DOCUMENTATION_COMMENTS = YES;
				CLANG_WARN_EMPTY_BODY = YES;
				CLANG_WARN_ENUM_CONVERSION = YES;
				CLANG_WARN_INFINITE_RECURSION = YES;
				CLANG_WARN_INT_CONVERSION = YES;
				CLANG_WARN_NON_LITERAL_NULL_CONVERSION = YES;
				CLANG_WARN_OBJC_IMPLICIT_RETAIN_SELF = YES;
				CLANG_WARN_OBJC_LITERAL_CONVERSION = YES;
				CLANG_WARN_OBJC_ROOT_CLASS = YES_ERROR;
				CLANG_WARN_QUOTED_INCLUDE_IN_FRAMEWORK_HEADER = YES;
				CLANG_WARN_RANGE_LOOP_ANALYSIS = YES;
				CLANG_WARN_STRICT_PROTOTYPES = YES;
				CLANG_WARN_SUSPICIOUS_MOVE = YES;
				CLANG_WARN_UNGUARDED_AVAILABILITY = YES_AGGRESSIVE;
				CLANG_WARN_UNREACHABLE_CODE = YES;
				CLANG_WARN__DUPLICATE_METHOD_MATCH = YES;
				COPY_PHASE_STRIP = NO;
				DEBUG_INFORMATION_FORMAT = "dwarf-with-dsym";
				DEVELOPMENT_TEAM = 9B8XD4TU34;
				ENABLE_NS_ASSERTIONS = NO;
				ENABLE_STRICT_OBJC_MSGSEND = YES;
				ENABLE_USER_SCRIPT_SANDBOXING = YES;
				GCC_C_LANGUAGE_STANDARD = gnu17;
				GCC_NO_COMMON_BLOCKS = YES;
				GCC_WARN_64_TO_32_BIT_CONVERSION = YES;
				GCC_WARN_ABOUT_RETURN_TYPE = YES_ERROR;
				GCC_WARN_UNDECLARED_SELECTOR = YES;
				GCC_WARN_UNINITIALIZED_AUTOS = YES_AGGRESSIVE;
				GCC_WARN_UNUSED_FUNCTION = YES;
				GCC_WARN_UNUSED_VARIABLE = YES;
				IPHONEOS_DEPLOYMENT_TARGET = 18.4;
				LOCALIZATION_PREFERS_STRING_CATALOGS = YES;
				MTL_ENABLE_DEBUG_INFO = NO;
				MTL_FAST_MATH = YES;
				SDKROOT = iphoneos;
				SWIFT_COMPILATION_MODE = wholemodule;
				VALIDATE_PRODUCT = YES;
			};
			name = Release;
		};
		92CD30EA2F35E21D00EF64A6 /* Debug */ = {
			isa = XCBuildConfiguration;
			buildSettings = {
				ASSETCATALOG_COMPILER_APPICON_NAME = AppIcon;
				ASSETCATALOG_COMPILER_GLOBAL_ACCENT_COLOR_NAME = AccentColor;
				CODE_SIGN_STYLE = Automatic;
				CURRENT_PROJECT_VERSION = 1;
				DEVELOPMENT_TEAM = 9B8XD4TU34;
				ENABLE_PREVIEWS = YES;
				GENERATE_INFOPLIST_FILE = YES;
				INFOPLIST_KEY_UIApplicationSceneManifest_Generation = YES;
				INFOPLIST_KEY_UIApplicationSupportsIndirectInputEvents = YES;
				INFOPLIST_KEY_UILaunchScreen_Generation = YES;
				INFOPLIST_KEY_UISupportedInterfaceOrientations_iPad = "UIInterfaceOrientationPortrait UIInterfaceOrientationPortraitUpsideDown UIInterfaceOrientationLandscapeLeft UIInterfaceOrientationLandscapeRight";
				INFOPLIST_KEY_UISupportedInterfaceOrientations_iPhone = "UIInterfaceOrientationPortrait UIInterfaceOrientationLandscapeLeft UIInterfaceOrientationLandscapeRight";
				LD_RUNPATH_SEARCH_PATHS = (
					"$(inherited)",
					"@executable_path/Frameworks",
				);
				MARKETING_VERSION = 1.0;
				PRODUCT_BUNDLE_IDENTIFIER = "Ko8e-Kenobi.DocScan";
				PRODUCT_NAME = "$(TARGET_NAME)";
				SWIFT_EMIT_LOC_STRINGS = YES;
				SWIFT_VERSION = 5.0;
				TARGETED_DEVICE_FAMILY = "1,2";
			};
			name = Debug;
		};
		92CD30EB2F35E21D00EF64A6 /* Release */ = {
			isa = XCBuildConfiguration;
			buildSettings = {
				ASSETCATALOG_COMPILER_APPICON_NAME = AppIcon;
				ASSETCATALOG_COMPILER_GLOBAL_ACCENT_COLOR_NAME = AccentColor;
				CODE_SIGN_STYLE = Automatic;
				CURRENT_PROJECT_VERSION = 1;
				DEVELOPMENT_TEAM = 9B8XD4TU34;
				ENABLE_PREVIEWS = YES;
				GENERATE_INFOPLIST_FILE = YES;
				INFOPLIST_KEY_UIApplicationSceneManifest_Generation = YES;
				INFOPLIST_KEY_UIApplicationSupportsIndirectInputEvents = YES;
				INFOPLIST_KEY_UILaunchScreen_Generation = YES;
				INFOPLIST_KEY_UISupportedInterfaceOrientations_iPad = "UIInterfaceOrientationPortrait UIInterfaceOrientationPortraitUpsideDown UIInterfaceOrientationLandscapeLeft UIInterfaceOrientationLandscapeRight";
				INFOPLIST_KEY_UISupportedInterfaceOrientations_iPhone = "UIInterfaceOrientationPortrait UIInterfaceOrientationLandscapeLeft UIInterfaceOrientationLandscapeRight";
				LD_RUNPATH_SEARCH_PATHS = (
					"$(inherited)",
					"@executable_path/Frameworks",
				);
				MARKETING_VERSION = 1.0;
				PRODUCT_BUNDLE_IDENTIFIER = "Ko8e-Kenobi.DocScan";
				PRODUCT_NAME = "$(TARGET_NAME)";
				SWIFT_EMIT_LOC_STRINGS = YES;
				SWIFT_VERSION = 5.0;
				TARGETED_DEVICE_FAMILY = "1,2";
			};
			name = Release;
		};
		92CD30ED2F35E21D00EF64A6 /* Debug */ = {
			isa = XCBuildConfiguration;
			buildSettings = {
				BUNDLE_LOADER = "$(TEST_HOST)";
				CODE_SIGN_STYLE = Automatic;
				CURRENT_PROJECT_VERSION = 1;
				DEVELOPMENT_TEAM = 9B8XD4TU34;
				GENERATE_INFOPLIST_FILE = YES;
				IPHONEOS_DEPLOYMENT_TARGET = 18.4;
				MARKETING_VERSION = 1.0;
				PRODUCT_BUNDLE_IDENTIFIER = "Ko8e-Kenobi.DocScanTests";
				PRODUCT_NAME = "$(TARGET_NAME)";
				SWIFT_EMIT_LOC_STRINGS = NO;
				SWIFT_VERSION = 5.0;
				TARGETED_DEVICE_FAMILY = "1,2";
				TEST_HOST = "$(BUILT_PRODUCTS_DIR)/DocScan.app/$(BUNDLE_EXECUTABLE_FOLDER_PATH)/DocScan";
			};
			name = Debug;
		};
		92CD30EE2F35E21D00EF64A6 /* Release */ = {
			isa = XCBuildConfiguration;
			buildSettings = {
				BUNDLE_LOADER = "$(TEST_HOST)";
				CODE_SIGN_STYLE = Automatic;
				CURRENT_PROJECT_VERSION = 1;
				DEVELOPMENT_TEAM = 9B8XD4TU34;
				GENERATE_INFOPLIST_FILE = YES;
				IPHONEOS_DEPLOYMENT_TARGET = 18.4;
				MARKETING_VERSION = 1.0;
				PRODUCT_BUNDLE_IDENTIFIER = "Ko8e-Kenobi.DocScanTests";
				PRODUCT_NAME = "$(TARGET_NAME)";
				SWIFT_EMIT_LOC_STRINGS = NO;
				SWIFT_VERSION = 5.0;
				TARGETED_DEVICE_FAMILY = "1,2";
				TEST_HOST = "$(BUILT_PRODUCTS_DIR)/DocScan.app/$(BUNDLE_EXECUTABLE_FOLDER_PATH)/DocScan";
			};
			name = Release;
		};
		92CD30F02F35E21D00EF64A6 /* Debug */ = {
			isa = XCBuildConfiguration;
			buildSettings = {
				CODE_SIGN_STYLE = Automatic;
				CURRENT_PROJECT_VERSION = 1;
				DEVELOPMENT_TEAM = 9B8XD4TU34;
				GENERATE_INFOPLIST_FILE = YES;
				MARKETING_VERSION = 1.0;
				PRODUCT_BUNDLE_IDENTIFIER = "Ko8e-Kenobi.DocScanUITests";
				PRODUCT_NAME = "$(TARGET_NAME)";
				SWIFT_EMIT_LOC_STRINGS = NO;
				SWIFT_VERSION = 5.0;
				TARGETED_DEVICE_FAMILY = "1,2";
				TEST_TARGET_NAME = DocScan;
			};
			name = Debug;
		};
		92CD30F12F35E21D00EF64A6 /* Release */ = {
			isa = XCBuildConfiguration;
			buildSettings = {
				CODE_SIGN_STYLE = Automatic;
				CURRENT_PROJECT_VERSION = 1;
				DEVELOPMENT_TEAM = 9B8XD4TU34;
				GENERATE_INFOPLIST_FILE = YES;
				MARKETING_VERSION = 1.0;
				PRODUCT_BUNDLE_IDENTIFIER = "Ko8e-Kenobi.DocScanUITests";
				PRODUCT_NAME = "$(TARGET_NAME)";
				SWIFT_EMIT_LOC_STRINGS = NO;
				SWIFT_VERSION = 5.0;
				TARGETED_DEVICE_FAMILY = "1,2";
				TEST_TARGET_NAME = DocScan;
			};
			name = Release;
		};
/* End XCBuildConfiguration section */

/* Begin XCConfigurationList section */
		92CD30BE2F35E21B00EF64A6 /* Build configuration list for PBXProject "DocScan" */ = {
			isa = XCConfigurationList;
			buildConfigurations = (
				92CD30E72F35E21D00EF64A6 /* Debug */,
				92CD30E82F35E21D00EF64A6 /* Release */,
			);
			defaultConfigurationIsVisible = 0;
			defaultConfigurationName = Release;
		};
		92CD30E92F35E21D00EF64A6 /* Build configuration list for PBXNativeTarget "DocScan" */ = {
			isa = XCConfigurationList;
			buildConfigurations = (
				92CD30EA2F35E21D00EF64A6 /* Debug */,
				92CD30EB2F35E21D00EF64A6 /* Release */,
			);
			defaultConfigurationIsVisible = 0;
			defaultConfigurationName = Release;
		};
		92CD30EC2F35E21D00EF64A6 /* Build configuration list for PBXNativeTarget "DocScanTests" */ = {
			isa = XCConfigurationList;
			buildConfigurations = (
				92CD30ED2F35E21D00EF64A6 /* Debug */,
				92CD30EE2F35E21D00EF64A6 /* Release */,
			);
			defaultConfigurationIsVisible = 0;
			defaultConfigurationName = Release;
		};
		92CD30EF2F35E21D00EF64A6 /* Build configuration list for PBXNativeTarget "DocScanUITests" */ = {
			isa = XCConfigurationList;
			buildConfigurations = (
				92CD30F02F35E21D00EF64A6 /* Debug */,
				92CD30F12F35E21D00EF64A6 /* Release */,
			);
			defaultConfigurationIsVisible = 0;
			defaultConfigurationName = Release;
		};
/* End XCConfigurationList section */
	};
	rootObject = 92CD30BB2F35E21B00EF64A6 /* Project object */;
}
